
Microsoft Visual Studio Solution File, Format Version 12.00
# Visual Studio Version 16
VisualStudioVersion = 16.0.31105.61
MinimumVisualStudioVersion = 10.0.40219.1
Project("{FAE04EC0-301F-11D3-BF4B-00C04F79EFBC}") = "SACSUITSMain", "SACSUITSMain.csproj", "{03FB4A44-C456-4F2F-9D60-CF780BCE9B8E}"
EndProject
Global
	GlobalSection(SolutionConfigurationPlatforms) = preSolution
		Debug|Any CPU = Debug|Any CPU
		Release|Any CPU = Release|Any CPU
	EndGlobalSection
	GlobalSection(ProjectConfigurationPlatforms) = postSolution
		{03FB4A44-C456-4F2F-9D60-CF780BCE9B8E}.Debug|Any CPU.ActiveCfg = Debug|Any CPU
		{03FB4A44-C456-4F2F-9D60-CF780BCE9B8E}.Debug|Any CPU.Build.0 = Debug|Any CPU
		{03FB4A44-C456-4F2F-9D60-CF780BCE9B8E}.Release|Any CPU.ActiveCfg = Release|Any CPU
		{03FB4A44-C456-4F2F-9D60-CF780BCE9B8E}.Release|Any CPU.Build.0 = Release|Any CPU
	EndGlobalSection
	GlobalSection(SolutionProperties) = preSolution
		HideSolutionNode = FALSE
	EndGlobalSection
	GlobalSection(ExtensibilityGlobals) = postSolution
		SolutionGuid = {F4C9EC54-567A-4E1D-A6F6-550F2291230C}
	EndGlobalSection
EndGlobal
